
Microsoft Visual Studio Solution File, Format Version 12.00
# Visual Studio Version 17
VisualStudioVersion = 17.3.32901.215
MinimumVisualStudioVersion = 10.0.40219.1
Project("{888888A0-9F3D-457C-B088-3A5042F75D52}") = "FlaskWebAPIMaryaDB", "FlaskWebAPIMaryaDB.pyproj", "{C2E4F648-FA56-4E87-932C-A9CA9461451B}"
EndProject
Global
	GlobalSection(SolutionConfigurationPlatforms) = preSolution
		Debug|Any CPU = Debug|Any CPU
		Release|Any CPU = Release|Any CPU
	EndGlobalSection
	GlobalSection(ProjectConfigurationPlatforms) = postSolution
		{C2E4F648-FA56-4E87-932C-A9CA9461451B}.Debug|Any CPU.ActiveCfg = Debug|Any CPU
		{C2E4F648-FA56-4E87-932C-A9CA9461451B}.Debug|Any CPU.Build.0 = Debug|Any CPU
		{C2E4F648-FA56-4E87-932C-A9CA9461451B}.Release|Any CPU.ActiveCfg = Release|Any CPU
		{C2E4F648-FA56-4E87-932C-A9CA9461451B}.Release|Any CPU.Build.0 = Release|Any CPU
	EndGlobalSection
	GlobalSection(SolutionProperties) = preSolution
		HideSolutionNode = FALSE
	EndGlobalSection
	GlobalSection(ExtensibilityGlobals) = postSolution
		SolutionGuid = {3070CCB1-F8A8-4D72-A7F9-674FCF222539}
	EndGlobalSection
EndGlobal
